<?xml version="1.0" encoding="utf-8"?>
<Project ToolsVersion="4.0" xmlns="http://schemas.microsoft.com/developer/msbuild/2003">
  <ItemGroup>
    <ClCompile Include="dllmain.cpp" />
    <ClCompile Include="Attrib\Attrib.cpp">
      <Filter>Attrib</Filter>
    </ClCompile>
  </ItemGroup>
  <ItemGroup>
    <ClInclude Include="targetver.h" />
    <ClInclude Include="UMath\UMath.h">
      <Filter>UMath</Filter>
    </ClInclude>
    <ClInclude Include="Attrib\Attrib.h">
      <Filter>Attrib</Filter>
    </ClInclude>
    <ClInclude Include="Attrib\AttribCollection.h">
      <Filter>Attrib</Filter>
    </ClInclude>
    <ClInclude Include="Attrib\AttribCore.h">
      <Filter>Attrib</Filter>
    </ClInclude>
    <ClInclude Include="Attrib\AttribHashMap.h">
      <Filter>Attrib</Filter>
    </ClInclude>
    <ClInclude Include="Attrib\AttribArray.h">
      <Filter>Attrib</Filter>
    </ClInclude>
    <ClInclude Include="Attrib\AttribInstance.h">
      <Filter>Attrib</Filter>
    </ClInclude>
    <ClInclude Include="Attrib\AttribNode.h">
      <Filter>Attrib</Filter>
    </ClInclude>
    <ClInclude Include="Attrib\AttribAttribute.h">
      <Filter>Attrib</Filter>
    </ClInclude>
  </ItemGroup>
  <ItemGroup>
    <None Include="NFSMW_XenonEffects.ini" />
    <None Include="post-build\postbuild.bat">
      <Filter>post-build</Filter>
    </None>
    <None Include="post-build\postbuild-debug.bat">
      <Filter>post-build</Filter>
    </None>
    <None Include="README.md" />
    <None Include="Texture\TpkIniGen.bat">
      <Filter>Texture</Filter>
    </None>
  </ItemGroup>
  <ItemGroup>
    <Filter Include="post-build">
      <UniqueIdentifier>{f1f7d57f-e1a5-4c48-a935-05acbc512f5e}</UniqueIdentifier>
    </Filter>
    <Filter Include="Texture">
      <UniqueIdentifier>{2d0a3c87-2425-4873-90e5-2ae297a3b6e4}</UniqueIdentifier>
    </Filter>
    <Filter Include="Attrib">
      <UniqueIdentifier>{d2769e8e-1e3d-4be0-9ec7-87ff87a51cb6}</UniqueIdentifier>
    </Filter>
    <Filter Include="UMath">
      <UniqueIdentifier>{e1341417-c79a-4863-a372-f573a4360f20}</UniqueIdentifier>
    </Filter>
  </ItemGroup>
</Project>